// !$*UTF8*$!
{
	archiveVersion = 1;
	classes = {
	};
	objectVersion = 48;
	objects = {

/* Begin PBXBuildFile section */
		414A7659BC8B5E339CBA24E9 /* Pods_WeatherApp.framework in Frameworks */ = {isa = PBXBuildFile; fileRef = E1811164ABD550DA60A0E9FF /* Pods_WeatherApp.framework */; };
		6092E16F1E59395A006C3A3C /* WeatherViewControllerSpec.swift in Sources */ = {isa = PBXBuildFile; fileRef = 6092E16E1E59395A006C3A3C /* WeatherViewControllerSpec.swift */; };
		6092E1771E5B8415006C3A3C /* Weather.swift in Sources */ = {isa = PBXBuildFile; fileRef = 60AF18341C56674B00CBEBB9 /* Weather.swift */; };
		6092E1781E5B8418006C3A3C /* WeatherViewController.swift in Sources */ = {isa = PBXBuildFile; fileRef = 60CC7A631C556F5C007208C9 /* WeatherViewController.swift */; };
		6092E1791E5B8A2F006C3A3C /* Main.storyboard in Resources */ = {isa = PBXBuildFile; fileRef = 60CC7A371C5568C8007208C9 /* Main.storyboard */; };
		60AF18351C56674B00CBEBB9 /* Weather.swift in Sources */ = {isa = PBXBuildFile; fileRef = 60AF18341C56674B00CBEBB9 /* Weather.swift */; };
		60CC7A341C5568C8007208C9 /* AppDelegate.swift in Sources */ = {isa = PBXBuildFile; fileRef = 60CC7A331C5568C8007208C9 /* AppDelegate.swift */; };
		60CC7A391C5568C8007208C9 /* Main.storyboard in Resources */ = {isa = PBXBuildFile; fileRef = 60CC7A371C5568C8007208C9 /* Main.storyboard */; };
		60CC7A3B1C5568C8007208C9 /* Assets.xcassets in Resources */ = {isa = PBXBuildFile; fileRef = 60CC7A3A1C5568C8007208C9 /* Assets.xcassets */; };
		60CC7A3E1C5568C8007208C9 /* LaunchScreen.storyboard in Resources */ = {isa = PBXBuildFile; fileRef = 60CC7A3C1C5568C8007208C9 /* LaunchScreen.storyboard */; };
		60CC7A621C556BCF007208C9 /* MainMenuTableViewController.swift in Sources */ = {isa = PBXBuildFile; fileRef = 60CC7A611C556BCF007208C9 /* MainMenuTableViewController.swift */; };
		60CC7A641C556F5C007208C9 /* WeatherViewController.swift in Sources */ = {isa = PBXBuildFile; fileRef = 60CC7A631C556F5C007208C9 /* WeatherViewController.swift */; };
		6405FCEE0640192D1D7D8C79 /* Pods_WeatherAppTests.framework in Frameworks */ = {isa = PBXBuildFile; fileRef = AB3AA83C0476682EFD4AF5AA /* Pods_WeatherAppTests.framework */; };
/* End PBXBuildFile section */

/* Begin PBXContainerItemProxy section */
		60CC7A451C5568C8007208C9 /* PBXContainerItemProxy */ = {
			isa = PBXContainerItemProxy;
			containerPortal = 60CC7A281C5568C8007208C9 /* Project object */;
			proxyType = 1;
			remoteGlobalIDString = 60CC7A2F1C5568C8007208C9;
			remoteInfo = InterviewProject;
		};
/* End PBXContainerItemProxy section */

/* Begin PBXFileReference section */
		1DB15332D14EE5BC5F252AD0 /* Pods-WeatherApp.debug.xcconfig */ = {isa = PBXFileReference; includeInIndex = 1; lastKnownFileType = text.xcconfig; name = "Pods-WeatherApp.debug.xcconfig"; path = "Pods/Target Support Files/Pods-WeatherApp/Pods-WeatherApp.debug.xcconfig"; sourceTree = "<group>"; };
		22F31104D83F09220D110589 /* Pods-WeatherAppTests.release.xcconfig */ = {isa = PBXFileReference; includeInIndex = 1; lastKnownFileType = text.xcconfig; name = "Pods-WeatherAppTests.release.xcconfig"; path = "Pods/Target Support Files/Pods-WeatherAppTests/Pods-WeatherAppTests.release.xcconfig"; sourceTree = "<group>"; };
		6092E16E1E59395A006C3A3C /* WeatherViewControllerSpec.swift */ = {isa = PBXFileReference; fileEncoding = 4; lastKnownFileType = sourcecode.swift; name = WeatherViewControllerSpec.swift; path = WeatherAppTests/WeatherViewControllerSpec.swift; sourceTree = SOURCE_ROOT; };
		60AF18341C56674B00CBEBB9 /* Weather.swift */ = {isa = PBXFileReference; fileEncoding = 4; lastKnownFileType = sourcecode.swift; path = Weather.swift; sourceTree = "<group>"; };
		60CC7A301C5568C8007208C9 /* WeatherApp.app */ = {isa = PBXFileReference; explicitFileType = wrapper.application; includeInIndex = 0; path = WeatherApp.app; sourceTree = BUILT_PRODUCTS_DIR; };
		60CC7A331C5568C8007208C9 /* AppDelegate.swift */ = {isa = PBXFileReference; lastKnownFileType = sourcecode.swift; path = AppDelegate.swift; sourceTree = "<group>"; };
		60CC7A381C5568C8007208C9 /* Base */ = {isa = PBXFileReference; lastKnownFileType = file.storyboard; name = Base; path = Base.lproj/Main.storyboard; sourceTree = "<group>"; };
		60CC7A3A1C5568C8007208C9 /* Assets.xcassets */ = {isa = PBXFileReference; lastKnownFileType = folder.assetcatalog; path = Assets.xcassets; sourceTree = "<group>"; };
		60CC7A3D1C5568C8007208C9 /* Base */ = {isa = PBXFileReference; lastKnownFileType = file.storyboard; name = Base; path = Base.lproj/LaunchScreen.storyboard; sourceTree = "<group>"; };
		60CC7A3F1C5568C8007208C9 /* Info.plist */ = {isa = PBXFileReference; lastKnownFileType = text.plist.xml; path = Info.plist; sourceTree = "<group>"; };
		60CC7A441C5568C8007208C9 /* WeatherAppTests.xctest */ = {isa = PBXFileReference; explicitFileType = wrapper.cfbundle; includeInIndex = 0; path = WeatherAppTests.xctest; sourceTree = BUILT_PRODUCTS_DIR; };
		60CC7A4A1C5568C8007208C9 /* Info.plist */ = {isa = PBXFileReference; lastKnownFileType = text.plist; name = Info.plist; path = WeatherAppTests/Info.plist; sourceTree = "<group>"; };
		60CC7A611C556BCF007208C9 /* MainMenuTableViewController.swift */ = {isa = PBXFileReference; fileEncoding = 4; lastKnownFileType = sourcecode.swift; path = MainMenuTableViewController.swift; sourceTree = "<group>"; };
		60CC7A631C556F5C007208C9 /* WeatherViewController.swift */ = {isa = PBXFileReference; fileEncoding = 4; lastKnownFileType = sourcecode.swift; path = WeatherViewController.swift; sourceTree = "<group>"; };
		6F6CC5AFA1B044A08668AEAC /* Pods.framework */ = {isa = PBXFileReference; explicitFileType = wrapper.framework; includeInIndex = 0; path = Pods.framework; sourceTree = BUILT_PRODUCTS_DIR; };
		AB3AA83C0476682EFD4AF5AA /* Pods_WeatherAppTests.framework */ = {isa = PBXFileReference; explicitFileType = wrapper.framework; includeInIndex = 0; path = Pods_WeatherAppTests.framework; sourceTree = BUILT_PRODUCTS_DIR; };
		AD9E93DF823028230E104BBE /* Pods-WeatherApp.release.xcconfig */ = {isa = PBXFileReference; includeInIndex = 1; lastKnownFileType = text.xcconfig; name = "Pods-WeatherApp.release.xcconfig"; path = "Pods/Target Support Files/Pods-WeatherApp/Pods-WeatherApp.release.xcconfig"; sourceTree = "<group>"; };
		C3724423CF15C18AAB1B6548 /* Pods-WeatherAppTests.debug.xcconfig */ = {isa = PBXFileReference; includeInIndex = 1; lastKnownFileType = text.xcconfig; name = "Pods-WeatherAppTests.debug.xcconfig"; path = "Pods/Target Support Files/Pods-WeatherAppTests/Pods-WeatherAppTests.debug.xcconfig"; sourceTree = "<group>"; };
		E1811164ABD550DA60A0E9FF /* Pods_WeatherApp.framework */ = {isa = PBXFileReference; explicitFileType = wrapper.framework; includeInIndex = 0; path = Pods_WeatherApp.framework; sourceTree = BUILT_PRODUCTS_DIR; };
/* End PBXFileReference section */

/* Begin PBXFrameworksBuildPhase section */
		60CC7A2D1C5568C8007208C9 /* Frameworks */ = {
			isa = PBXFrameworksBuildPhase;
			buildActionMask = 2147483647;
			files = (
				414A7659BC8B5E339CBA24E9 /* Pods_WeatherApp.framework in Frameworks */,
			);
			runOnlyForDeploymentPostprocessing = 0;
		};
		60CC7A411C5568C8007208C9 /* Frameworks */ = {
			isa = PBXFrameworksBuildPhase;
			buildActionMask = 2147483647;
			files = (
				6405FCEE0640192D1D7D8C79 /* Pods_WeatherAppTests.framework in Frameworks */,
			);
			runOnlyForDeploymentPostprocessing = 0;
		};
/* End PBXFrameworksBuildPhase section */

/* Begin PBXGroup section */
		60AF18361C566EE200CBEBB9 /* Model */ = {
			isa = PBXGroup;
			children = (
				60AF18341C56674B00CBEBB9 /* Weather.swift */,
			);
			name = Model;
			sourceTree = "<group>";
		};
		60AF18371C566EEC00CBEBB9 /* ViewControllers */ = {
			isa = PBXGroup;
			children = (
				60CC7A611C556BCF007208C9 /* MainMenuTableViewController.swift */,
				60CC7A631C556F5C007208C9 /* WeatherViewController.swift */,
			);
			name = ViewControllers;
			sourceTree = "<group>";
		};
		60AF18381C566EF900CBEBB9 /* Storyboards */ = {
			isa = PBXGroup;
			children = (
				60CC7A371C5568C8007208C9 /* Main.storyboard */,
				60CC7A3C1C5568C8007208C9 /* LaunchScreen.storyboard */,
			);
			name = Storyboards;
			sourceTree = "<group>";
		};
		60CC7A271C5568C8007208C9 = {
			isa = PBXGroup;
			children = (
				60CC7A321C5568C8007208C9 /* WeatherApp */,
				60CC7A471C5568C8007208C9 /* WeatherAppTests */,
				60CC7A311C5568C8007208C9 /* Products */,
				7C7B6AAD4477130F824CFEEE /* Frameworks */,
				A5253A470BC1D20F5167B4EE /* Pods */,
			);
			sourceTree = "<group>";
		};
		60CC7A311C5568C8007208C9 /* Products */ = {
			isa = PBXGroup;
			children = (
				60CC7A301C5568C8007208C9 /* WeatherApp.app */,
				60CC7A441C5568C8007208C9 /* WeatherAppTests.xctest */,
			);
			name = Products;
			sourceTree = "<group>";
		};
		60CC7A321C5568C8007208C9 /* WeatherApp */ = {
			isa = PBXGroup;
			children = (
				60CC7A331C5568C8007208C9 /* AppDelegate.swift */,
				60AF18371C566EEC00CBEBB9 /* ViewControllers */,
				60AF18381C566EF900CBEBB9 /* Storyboards */,
				60AF18361C566EE200CBEBB9 /* Model */,
				60CC7A3A1C5568C8007208C9 /* Assets.xcassets */,
				60CC7A3F1C5568C8007208C9 /* Info.plist */,
			);
			path = WeatherApp;
			sourceTree = "<group>";
		};
		60CC7A471C5568C8007208C9 /* WeatherAppTests */ = {
			isa = PBXGroup;
			children = (
				60CC7A4A1C5568C8007208C9 /* Info.plist */,
				6092E16E1E59395A006C3A3C /* WeatherViewControllerSpec.swift */,
			);
			name = WeatherAppTests;
			path = InterviewProjectTests;
			sourceTree = "<group>";
		};
		7C7B6AAD4477130F824CFEEE /* Frameworks */ = {
			isa = PBXGroup;
			children = (
				6F6CC5AFA1B044A08668AEAC /* Pods.framework */,
				E1811164ABD550DA60A0E9FF /* Pods_WeatherApp.framework */,
				AB3AA83C0476682EFD4AF5AA /* Pods_WeatherAppTests.framework */,
			);
			name = Frameworks;
			sourceTree = "<group>";
		};
		A5253A470BC1D20F5167B4EE /* Pods */ = {
			isa = PBXGroup;
			children = (
				1DB15332D14EE5BC5F252AD0 /* Pods-WeatherApp.debug.xcconfig */,
				AD9E93DF823028230E104BBE /* Pods-WeatherApp.release.xcconfig */,
				C3724423CF15C18AAB1B6548 /* Pods-WeatherAppTests.debug.xcconfig */,
				22F31104D83F09220D110589 /* Pods-WeatherAppTests.release.xcconfig */,
			);
			name = Pods;
			sourceTree = "<group>";
		};
/* End PBXGroup section */

/* Begin PBXNativeTarget section */
		60CC7A2F1C5568C8007208C9 /* WeatherApp */ = {
			isa = PBXNativeTarget;
			buildConfigurationList = 60CC7A581C5568C8007208C9 /* Build configuration list for PBXNativeTarget "WeatherApp" */;
			buildPhases = (
				74389979459B8437E196C048 /* [CP] Check Pods Manifest.lock */,
				60CC7A651C5571CB007208C9 /* Run SwiftLint */,
				60CC7A2C1C5568C8007208C9 /* Sources */,
				60CC7A2D1C5568C8007208C9 /* Frameworks */,
				60CC7A2E1C5568C8007208C9 /* Resources */,
				37078A3A2BF50B0DB47A3A20 /* [CP] Embed Pods Frameworks */,
				D3AD1F0CCFC8BC788CF0FC12 /* [CP] Copy Pods Resources */,
			);
			buildRules = (
			);
			dependencies = (
			);
			name = WeatherApp;
			productName = InterviewProject;
			productReference = 60CC7A301C5568C8007208C9 /* WeatherApp.app */;
			productType = "com.apple.product-type.application";
		};
		60CC7A431C5568C8007208C9 /* WeatherAppTests */ = {
			isa = PBXNativeTarget;
			buildConfigurationList = 60CC7A5B1C5568C8007208C9 /* Build configuration list for PBXNativeTarget "WeatherAppTests" */;
			buildPhases = (
				26F6E568FC1C8AAB44B84DFF /* [CP] Check Pods Manifest.lock */,
				60CC7A401C5568C8007208C9 /* Sources */,
				60CC7A411C5568C8007208C9 /* Frameworks */,
				60CC7A421C5568C8007208C9 /* Resources */,
				5212EE6FA6A1D7019772D90C /* [CP] Embed Pods Frameworks */,
				F6D4EAFCF4DF6B67C95D7937 /* [CP] Copy Pods Resources */,
			);
			buildRules = (
			);
			dependencies = (
				60CC7A461C5568C8007208C9 /* PBXTargetDependency */,
			);
			name = WeatherAppTests;
			productName = InterviewProjectTests;
			productReference = 60CC7A441C5568C8007208C9 /* WeatherAppTests.xctest */;
			productType = "com.apple.product-type.bundle.unit-test";
		};
/* End PBXNativeTarget section */

/* Begin PBXProject section */
		60CC7A281C5568C8007208C9 /* Project object */ = {
			isa = PBXProject;
			attributes = {
				LastSwiftUpdateCheck = 0720;
				LastUpgradeCheck = 0720;
				ORGANIZATIONNAME = "Stephen Murphy";
				TargetAttributes = {
					60CC7A2F1C5568C8007208C9 = {
						CreatedOnToolsVersion = 7.2;
						LastSwiftMigration = 0820;
					};
					60CC7A431C5568C8007208C9 = {
						CreatedOnToolsVersion = 7.2;
						LastSwiftMigration = 0820;
						TestTargetID = 60CC7A2F1C5568C8007208C9;
					};
				};
			};
			buildConfigurationList = 60CC7A2B1C5568C8007208C9 /* Build configuration list for PBXProject "WeatherApp" */;
			compatibilityVersion = "Xcode 8.0";
			developmentRegion = English;
			hasScannedForEncodings = 0;
			knownRegions = (
				en,
				Base,
			);
			mainGroup = 60CC7A271C5568C8007208C9;
			productRefGroup = 60CC7A311C5568C8007208C9 /* Products */;
			projectDirPath = "";
			projectRoot = "";
			targets = (
				60CC7A2F1C5568C8007208C9 /* WeatherApp */,
				60CC7A431C5568C8007208C9 /* WeatherAppTests */,
			);
		};
/* End PBXProject section */

/* Begin PBXResourcesBuildPhase section */
		60CC7A2E1C5568C8007208C9 /* Resources */ = {
			isa = PBXResourcesBuildPhase;
			buildActionMask = 2147483647;
			files = (
				60CC7A3E1C5568C8007208C9 /* LaunchScreen.storyboard in Resources */,
				60CC7A3B1C5568C8007208C9 /* Assets.xcassets in Resources */,
				60CC7A391C5568C8007208C9 /* Main.storyboard in Resources */,
			);
			runOnlyForDeploymentPostprocessing = 0;
		};
		60CC7A421C5568C8007208C9 /* Resources */ = {
			isa = PBXResourcesBuildPhase;
			buildActionMask = 2147483647;
			files = (
				6092E1791E5B8A2F006C3A3C /* Main.storyboard in Resources */,
			);
			runOnlyForDeploymentPostprocessing = 0;
		};
/* End PBXResourcesBuildPhase section */

/* Begin PBXShellScriptBuildPhase section */
		26F6E568FC1C8AAB44B84DFF /* [CP] Check Pods Manifest.lock */ = {
			isa = PBXShellScriptBuildPhase;
			buildActionMask = 2147483647;
			files = (
			);
			inputPaths = (
			);
			name = "[CP] Check Pods Manifest.lock";
			outputPaths = (
			);
			runOnlyForDeploymentPostprocessing = 0;
			shellPath = /bin/sh;
			shellScript = "diff \"${PODS_ROOT}/../Podfile.lock\" \"${PODS_ROOT}/Manifest.lock\" > /dev/null\nif [ $? != 0 ] ; then\n    # print error to STDERR\n    echo \"error: The sandbox is not in sync with the Podfile.lock. Run 'pod install' or update your CocoaPods installation.\" >&2\n    exit 1\nfi\n";
			showEnvVarsInLog = 0;
		};
		37078A3A2BF50B0DB47A3A20 /* [CP] Embed Pods Frameworks */ = {
			isa = PBXShellScriptBuildPhase;
			buildActionMask = 2147483647;
			files = (
			);
			inputPaths = (
			);
			name = "[CP] Embed Pods Frameworks";
			outputPaths = (
			);
			runOnlyForDeploymentPostprocessing = 0;
			shellPath = /bin/sh;
			shellScript = "\"${SRCROOT}/Pods/Target Support Files/Pods-WeatherApp/Pods-WeatherApp-frameworks.sh\"\n";
			showEnvVarsInLog = 0;
		};
		5212EE6FA6A1D7019772D90C /* [CP] Embed Pods Frameworks */ = {
			isa = PBXShellScriptBuildPhase;
			buildActionMask = 2147483647;
			files = (
			);
			inputPaths = (
			);
			name = "[CP] Embed Pods Frameworks";
			outputPaths = (
			);
			runOnlyForDeploymentPostprocessing = 0;
			shellPath = /bin/sh;
			shellScript = "\"${SRCROOT}/Pods/Target Support Files/Pods-WeatherAppTests/Pods-WeatherAppTests-frameworks.sh\"\n";
			showEnvVarsInLog = 0;
		};
		60CC7A651C5571CB007208C9 /* Run SwiftLint */ = {
			isa = PBXShellScriptBuildPhase;
			buildActionMask = 2147483647;
			files = (
			);
			inputPaths = (
			);
			name = "Run SwiftLint";
			outputPaths = (
			);
			runOnlyForDeploymentPostprocessing = 0;
			shellPath = /bin/sh;
			shellScript = "if which swiftlint >/dev/null; then\nswiftlint\nelse\necho \"SwiftLint does not exist, download from https://github.com/realm/SwiftLint\"\nfi";
		};
		74389979459B8437E196C048 /* [CP] Check Pods Manifest.lock */ = {
			isa = PBXShellScriptBuildPhase;
			buildActionMask = 2147483647;
			files = (
			);
			inputPaths = (
			);
			name = "[CP] Check Pods Manifest.lock";
			outputPaths = (
			);
			runOnlyForDeploymentPostprocessing = 0;
			shellPath = /bin/sh;
			shellScript = "diff \"${PODS_ROOT}/../Podfile.lock\" \"${PODS_ROOT}/Manifest.lock\" > /dev/null\nif [ $? != 0 ] ; then\n    # print error to STDERR\n    echo \"error: The sandbox is not in sync with the Podfile.lock. Run 'pod install' or update your CocoaPods installation.\" >&2\n    exit 1\nfi\n";
			showEnvVarsInLog = 0;
		};
		D3AD1F0CCFC8BC788CF0FC12 /* [CP] Copy Pods Resources */ = {
			isa = PBXShellScriptBuildPhase;
			buildActionMask = 2147483647;
			files = (
			);
			inputPaths = (
			);
			name = "[CP] Copy Pods Resources";
			outputPaths = (
			);
			runOnlyForDeploymentPostprocessing = 0;
			shellPath = /bin/sh;
			shellScript = "\"${SRCROOT}/Pods/Target Support Files/Pods-WeatherApp/Pods-WeatherApp-resources.sh\"\n";
			showEnvVarsInLog = 0;
		};
		F6D4EAFCF4DF6B67C95D7937 /* [CP] Copy Pods Resources */ = {
			isa = PBXShellScriptBuildPhase;
			buildActionMask = 2147483647;
			files = (
			);
			inputPaths = (
			);
			name = "[CP] Copy Pods Resources";
			outputPaths = (
			);
			runOnlyForDeploymentPostprocessing = 0;
			shellPath = /bin/sh;
			shellScript = "\"${SRCROOT}/Pods/Target Support Files/Pods-WeatherAppTests/Pods-WeatherAppTests-resources.sh\"\n";
			showEnvVarsInLog = 0;
		};
/* End PBXShellScriptBuildPhase section */

/* Begin PBXSourcesBuildPhase section */
		60CC7A2C1C5568C8007208C9 /* Sources */ = {
			isa = PBXSourcesBuildPhase;
			buildActionMask = 2147483647;
			files = (
				60AF18351C56674B00CBEBB9 /* Weather.swift in Sources */,
				60CC7A641C556F5C007208C9 /* WeatherViewController.swift in Sources */,
				60CC7A621C556BCF007208C9 /* MainMenuTableViewController.swift in Sources */,
				60CC7A341C5568C8007208C9 /* AppDelegate.swift in Sources */,
			);
			runOnlyForDeploymentPostprocessing = 0;
		};
		60CC7A401C5568C8007208C9 /* Sources */ = {
			isa = PBXSourcesBuildPhase;
			buildActionMask = 2147483647;
			files = (
				6092E1771E5B8415006C3A3C /* Weather.swift in Sources */,
				6092E1781E5B8418006C3A3C /* WeatherViewController.swift in Sources */,
				6092E16F1E59395A006C3A3C /* WeatherViewControllerSpec.swift in Sources */,
			);
			runOnlyForDeploymentPostprocessing = 0;
		};
/* End PBXSourcesBuildPhase section */

/* Begin PBXTargetDependency section */
		60CC7A461C5568C8007208C9 /* PBXTargetDependency */ = {
			isa = PBXTargetDependency;
			target = 60CC7A2F1C5568C8007208C9 /* WeatherApp */;
			targetProxy = 60CC7A451C5568C8007208C9 /* PBXContainerItemProxy */;
		};
/* End PBXTargetDependency section */

/* Begin PBXVariantGroup section */
		60CC7A371C5568C8007208C9 /* Main.storyboard */ = {
			isa = PBXVariantGroup;
			children = (
				60CC7A381C5568C8007208C9 /* Base */,
			);
			name = Main.storyboard;
			sourceTree = "<group>";
		};
		60CC7A3C1C5568C8007208C9 /* LaunchScreen.storyboard */ = {
			isa = PBXVariantGroup;
			children = (
				60CC7A3D1C5568C8007208C9 /* Base */,
			);
			name = LaunchScreen.storyboard;
			sourceTree = "<group>";
		};
/* End PBXVariantGroup section */

/* Begin XCBuildConfiguration section */
		60CC7A561C5568C8007208C9 /* Debug */ = {
			isa = XCBuildConfiguration;
			buildSettings = {
				ALWAYS_SEARCH_USER_PATHS = NO;
				CLANG_CXX_LANGUAGE_STANDARD = "gnu++0x";
				CLANG_CXX_LIBRARY = "libc++";
				CLANG_ENABLE_MODULES = YES;
				CLANG_ENABLE_OBJC_ARC = YES;
				CLANG_WARN_BOOL_CONVERSION = YES;
				CLANG_WARN_CONSTANT_CONVERSION = YES;
				CLANG_WARN_DIRECT_OBJC_ISA_USAGE = YES_ERROR;
				CLANG_WARN_EMPTY_BODY = YES;
				CLANG_WARN_ENUM_CONVERSION = YES;
				CLANG_WARN_INT_CONVERSION = YES;
				CLANG_WARN_OBJC_ROOT_CLASS = YES_ERROR;
				CLANG_WARN_UNREACHABLE_CODE = YES;
				CLANG_WARN__DUPLICATE_METHOD_MATCH = YES;
				"CODE_SIGN_IDENTITY[sdk=iphoneos*]" = "iPhone Developer";
				COPY_PHASE_STRIP = NO;
				DEBUG_INFORMATION_FORMAT = dwarf;
				ENABLE_STRICT_OBJC_MSGSEND = YES;
				ENABLE_TESTABILITY = YES;
				GCC_C_LANGUAGE_STANDARD = gnu99;
				GCC_DYNAMIC_NO_PIC = NO;
				GCC_NO_COMMON_BLOCKS = YES;
				GCC_OPTIMIZATION_LEVEL = 0;
				GCC_PREPROCESSOR_DEFINITIONS = (
					"DEBUG=1",
					"$(inherited)",
				);
				GCC_WARN_64_TO_32_BIT_CONVERSION = YES;
				GCC_WARN_ABOUT_RETURN_TYPE = YES_ERROR;
				GCC_WARN_UNDECLARED_SELECTOR = YES;
				GCC_WARN_UNINITIALIZED_AUTOS = YES_AGGRESSIVE;
				GCC_WARN_UNUSED_FUNCTION = YES;
				GCC_WARN_UNUSED_VARIABLE = YES;
				IPHONEOS_DEPLOYMENT_TARGET = 10.2;
				MTL_ENABLE_DEBUG_INFO = YES;
				ONLY_ACTIVE_ARCH = YES;
				SDKROOT = iphoneos;
				SWIFT_OPTIMIZATION_LEVEL = "-Onone";
				TARGETED_DEVICE_FAMILY = "1,2";
			};
			name = Debug;
		};
		60CC7A571C5568C8007208C9 /* Release */ = {
			isa = XCBuildConfiguration;
			buildSettings = {
				ALWAYS_SEARCH_USER_PATHS = NO;
				CLANG_CXX_LANGUAGE_STANDARD = "gnu++0x";
				CLANG_CXX_LIBRARY = "libc++";
				CLANG_ENABLE_MODULES = YES;
				CLANG_ENABLE_OBJC_ARC = YES;
				CLANG_WARN_BOOL_CONVERSION = YES;
				CLANG_WARN_CONSTANT_CONVERSION = YES;
				CLANG_WARN_DIRECT_OBJC_ISA_USAGE = YES_ERROR;
				CLANG_WARN_EMPTY_BODY = YES;
				CLANG_WARN_ENUM_CONVERSION = YES;
				CLANG_WARN_INT_CONVERSION = YES;
				CLANG_WARN_OBJC_ROOT_CLASS = YES_ERROR;
				CLANG_WARN_UNREACHABLE_CODE = YES;
				CLANG_WARN__DUPLICATE_METHOD_MATCH = YES;
				"CODE_SIGN_IDENTITY[sdk=iphoneos*]" = "iPhone Developer";
				COPY_PHASE_STRIP = NO;
				DEBUG_INFORMATION_FORMAT = "dwarf-with-dsym";
				ENABLE_NS_ASSERTIONS = NO;
				ENABLE_STRICT_OBJC_MSGSEND = YES;
				GCC_C_LANGUAGE_STANDARD = gnu99;
				GCC_NO_COMMON_BLOCKS = YES;
				GCC_WARN_64_TO_32_BIT_CONVERSION = YES;
				GCC_WARN_ABOUT_RETURN_TYPE = YES_ERROR;
				GCC_WARN_UNDECLARED_SELECTOR = YES;
				GCC_WARN_UNINITIALIZED_AUTOS = YES_AGGRESSIVE;
				GCC_WARN_UNUSED_FUNCTION = YES;
				GCC_WARN_UNUSED_VARIABLE = YES;
				IPHONEOS_DEPLOYMENT_TARGET = 10.2;
				MTL_ENABLE_DEBUG_INFO = NO;
				SDKROOT = iphoneos;
				TARGETED_DEVICE_FAMILY = "1,2";
				VALIDATE_PRODUCT = YES;
			};
			name = Release;
		};
		60CC7A591C5568C8007208C9 /* Debug */ = {
			isa = XCBuildConfiguration;
			baseConfigurationReference = 1DB15332D14EE5BC5F252AD0 /* Pods-WeatherApp.debug.xcconfig */;
			buildSettings = {
				ASSETCATALOG_COMPILER_APPICON_NAME = AppIcon;
				DEFINES_MODULE = YES;
				DEVELOPMENT_TEAM = Z3LJ7C5W8A;
				INFOPLIST_FILE = WeatherApp/Info.plist;
				LD_RUNPATH_SEARCH_PATHS = "$(inherited) @executable_path/Frameworks";
				PRODUCT_BUNDLE_IDENTIFIER = com.murphy.WeatherApp;
				PRODUCT_NAME = "$(TARGET_NAME)";
				SWIFT_VERSION = 3.0;
			};
			name = Debug;
		};
		60CC7A5A1C5568C8007208C9 /* Release */ = {
			isa = XCBuildConfiguration;
			baseConfigurationReference = AD9E93DF823028230E104BBE /* Pods-WeatherApp.release.xcconfig */;
			buildSettings = {
				ASSETCATALOG_COMPILER_APPICON_NAME = AppIcon;
				DEFINES_MODULE = YES;
				DEVELOPMENT_TEAM = Z3LJ7C5W8A;
				INFOPLIST_FILE = WeatherApp/Info.plist;
				LD_RUNPATH_SEARCH_PATHS = "$(inherited) @executable_path/Frameworks";
				PRODUCT_BUNDLE_IDENTIFIER = com.murphy.WeatherApp;
				PRODUCT_NAME = "$(TARGET_NAME)";
				SWIFT_VERSION = 3.0;
			};
			name = Release;
		};
		60CC7A5C1C5568C8007208C9 /* Debug */ = {
			isa = XCBuildConfiguration;
			baseConfigurationReference = C3724423CF15C18AAB1B6548 /* Pods-WeatherAppTests.debug.xcconfig */;
			buildSettings = {
				DEVELOPMENT_TEAM = Z3LJ7C5W8A;
				INFOPLIST_FILE = WeatherAppTests/Info.plist;
				LD_RUNPATH_SEARCH_PATHS = "$(inherited) @executable_path/Frameworks @loader_path/Frameworks";
				PRODUCT_BUNDLE_IDENTIFIER = com.murphy.WeatherAppTests;
				PRODUCT_NAME = WeatherAppTests;
				SWIFT_VERSION = 3.0;
				TEST_HOST = "$(BUILT_PRODUCTS_DIR)/WeatherApp.app/WeatherApp";
			};
			name = Debug;
		};
		60CC7A5D1C5568C8007208C9 /* Release */ = {
			isa = XCBuildConfiguration;
			baseConfigurationReference = 22F31104D83F09220D110589 /* Pods-WeatherAppTests.release.xcconfig */;
			buildSettings = {
				DEVELOPMENT_TEAM = Z3LJ7C5W8A;
				INFOPLIST_FILE = WeatherAppTests/Info.plist;
				LD_RUNPATH_SEARCH_PATHS = "$(inherited) @executable_path/Frameworks @loader_path/Frameworks";
				PRODUCT_BUNDLE_IDENTIFIER = com.murphy.WeatherAppTests;
				PRODUCT_NAME = WeatherAppTests;
				SWIFT_VERSION = 3.0;
				TEST_HOST = "$(BUILT_PRODUCTS_DIR)/WeatherApp.app/WeatherApp";
			};
			name = Release;
		};
/* End XCBuildConfiguration section */

/* Begin XCConfigurationList section */
		60CC7A2B1C5568C8007208C9 /* Build configuration list for PBXProject "WeatherApp" */ = {
			isa = XCConfigurationList;
			buildConfigurations = (
				60CC7A561C5568C8007208C9 /* Debug */,
				60CC7A571C5568C8007208C9 /* Release */,
			);
			defaultConfigurationIsVisible = 0;
			defaultConfigurationName = Release;
		};
		60CC7A581C5568C8007208C9 /* Build configuration list for PBXNativeTarget "WeatherApp" */ = {
			isa = XCConfigurationList;
			buildConfigurations = (
				60CC7A591C5568C8007208C9 /* Debug */,
				60CC7A5A1C5568C8007208C9 /* Release */,
			);
			defaultConfigurationIsVisible = 0;
			defaultConfigurationName = Release;
		};
		60CC7A5B1C5568C8007208C9 /* Build configuration list for PBXNativeTarget "WeatherAppTests" */ = {
			isa = XCConfigurationList;
			buildConfigurations = (
				60CC7A5C1C5568C8007208C9 /* Debug */,
				60CC7A5D1C5568C8007208C9 /* Release */,
			);
			defaultConfigurationIsVisible = 0;
			defaultConfigurationName = Release;
		};
/* End XCConfigurationList section */
	};
	rootObject = 60CC7A281C5568C8007208C9 /* Project object */;
}
